
Microsoft Visual Studio Solution File, Format Version 12.00
# Visual Studio 15
VisualStudioVersion = 15.0.28307.438
MinimumVisualStudioVersion = 10.0.40219.1
Project("{FAE04EC0-301F-11D3-BF4B-00C04F79EFBC}") = "Arrays and Lists", "Arrays and Lists\Arrays and Lists.csproj", "{1609817E-F666-4B4E-9174-32D8FAB959C0}"
EndProject
Project("{FAE04EC0-301F-11D3-BF4B-00C04F79EFBC}") = "Arrays and Lists 2", "Using Arrays2\Arrays and Lists 2.csproj", "{7B9C1BEE-E23F-484B-AB61-C395029ADC9F}"
EndProject
Global
	GlobalSection(SolutionConfigurationPlatforms) = preSolution
		Debug|Any CPU = Debug|Any CPU
		Release|Any CPU = Release|Any CPU
	EndGlobalSection
	GlobalSection(ProjectConfigurationPlatforms) = postSolution
		{1609817E-F666-4B4E-9174-32D8FAB959C0}.Debug|Any CPU.ActiveCfg = Debug|Any CPU
		{1609817E-F666-4B4E-9174-32D8FAB959C0}.Debug|Any CPU.Build.0 = Debug|Any CPU
		{1609817E-F666-4B4E-9174-32D8FAB959C0}.Release|Any CPU.ActiveCfg = Release|Any CPU
		{1609817E-F666-4B4E-9174-32D8FAB959C0}.Release|Any CPU.Build.0 = Release|Any CPU
		{7B9C1BEE-E23F-484B-AB61-C395029ADC9F}.Debug|Any CPU.ActiveCfg = Debug|Any CPU
		{7B9C1BEE-E23F-484B-AB61-C395029ADC9F}.Debug|Any CPU.Build.0 = Debug|Any CPU
		{7B9C1BEE-E23F-484B-AB61-C395029ADC9F}.Release|Any CPU.ActiveCfg = Release|Any CPU
		{7B9C1BEE-E23F-484B-AB61-C395029ADC9F}.Release|Any CPU.Build.0 = Release|Any CPU
	EndGlobalSection
	GlobalSection(SolutionProperties) = preSolution
		HideSolutionNode = FALSE
	EndGlobalSection
	GlobalSection(ExtensibilityGlobals) = postSolution
		SolutionGuid = {63EA79F0-9A37-4B1E-836A-08127CFEF11F}
	EndGlobalSection
EndGlobal
