
Microsoft Visual Studio Solution File, Format Version 12.00
# Visual Studio Version 16
VisualStudioVersion = 16.0.28803.202
MinimumVisualStudioVersion = 10.0.40219.1
Project("{FAE04EC0-301F-11D3-BF4B-00C04F79EFBC}") = "inheritance02", "inheritance02\inheritance02.csproj", "{0F275D95-1B95-46D0-A830-3E9B1E2C765E}"
EndProject
Global
	GlobalSection(SolutionConfigurationPlatforms) = preSolution
		Debug|Any CPU = Debug|Any CPU
		Release|Any CPU = Release|Any CPU
	EndGlobalSection
	GlobalSection(ProjectConfigurationPlatforms) = postSolution
		{0F275D95-1B95-46D0-A830-3E9B1E2C765E}.Debug|Any CPU.ActiveCfg = Debug|Any CPU
		{0F275D95-1B95-46D0-A830-3E9B1E2C765E}.Debug|Any CPU.Build.0 = Debug|Any CPU
		{0F275D95-1B95-46D0-A830-3E9B1E2C765E}.Release|Any CPU.ActiveCfg = Release|Any CPU
		{0F275D95-1B95-46D0-A830-3E9B1E2C765E}.Release|Any CPU.Build.0 = Release|Any CPU
	EndGlobalSection
	GlobalSection(SolutionProperties) = preSolution
		HideSolutionNode = FALSE
	EndGlobalSection
	GlobalSection(ExtensibilityGlobals) = postSolution
		SolutionGuid = {68B2E8EE-BE5B-46F8-915F-A05491094949}
	EndGlobalSection
EndGlobal
