
Microsoft Visual Studio Solution File, Format Version 12.00
# Visual Studio Version 16
VisualStudioVersion = 16.0.28803.202
MinimumVisualStudioVersion = 10.0.40219.1
Project("{FAE04EC0-301F-11D3-BF4B-00C04F79EFBC}") = "Challenge01", "Challenge01\Challenge01.csproj", "{9F242F03-34C3-41C9-84E3-5856B01FC877}"
EndProject
Global
	GlobalSection(SolutionConfigurationPlatforms) = preSolution
		Debug|Any CPU = Debug|Any CPU
		Release|Any CPU = Release|Any CPU
	EndGlobalSection
	GlobalSection(ProjectConfigurationPlatforms) = postSolution
		{9F242F03-34C3-41C9-84E3-5856B01FC877}.Debug|Any CPU.ActiveCfg = Debug|Any CPU
		{9F242F03-34C3-41C9-84E3-5856B01FC877}.Debug|Any CPU.Build.0 = Debug|Any CPU
		{9F242F03-34C3-41C9-84E3-5856B01FC877}.Release|Any CPU.ActiveCfg = Release|Any CPU
		{9F242F03-34C3-41C9-84E3-5856B01FC877}.Release|Any CPU.Build.0 = Release|Any CPU
	EndGlobalSection
	GlobalSection(SolutionProperties) = preSolution
		HideSolutionNode = FALSE
	EndGlobalSection
	GlobalSection(ExtensibilityGlobals) = postSolution
		SolutionGuid = {F528470F-9FF2-4E78-977E-D50E6381218F}
	EndGlobalSection
EndGlobal
